
Microsoft Visual Studio Solution File, Format Version 12.00
# Visual Studio Version 17
VisualStudioVersion = 17.13.35931.197 d17.13
MinimumVisualStudioVersion = 10.0.40219.1
Project("{FAE04EC0-301F-11D3-BF4B-00C04F79EFBC}") = "firstAPI", "firstAPI.csproj", "{F2E1DC3F-D623-4516-B8CB-97B7DB0E5151}"
EndProject
Global
	GlobalSection(SolutionConfigurationPlatforms) = preSolution
		Debug|Any CPU = Debug|Any CPU
		Release|Any CPU = Release|Any CPU
	EndGlobalSection
	GlobalSection(ProjectConfigurationPlatforms) = postSolution
		{F2E1DC3F-D623-4516-B8CB-97B7DB0E5151}.Debug|Any CPU.ActiveCfg = Debug|Any CPU
		{F2E1DC3F-D623-4516-B8CB-97B7DB0E5151}.Debug|Any CPU.Build.0 = Debug|Any CPU
		{F2E1DC3F-D623-4516-B8CB-97B7DB0E5151}.Release|Any CPU.ActiveCfg = Release|Any CPU
		{F2E1DC3F-D623-4516-B8CB-97B7DB0E5151}.Release|Any CPU.Build.0 = Release|Any CPU
	EndGlobalSection
	GlobalSection(SolutionProperties) = preSolution
		HideSolutionNode = FALSE
	EndGlobalSection
	GlobalSection(ExtensibilityGlobals) = postSolution
		SolutionGuid = {96AC139F-D449-4220-8313-9717A1E2C616}
	EndGlobalSection
EndGlobal
